{
  "originHash" : "15970700285f949d6198225ffa6805f25eaf33ce274e10a76a6b7d8a0fafd338",
  "pins" : [
    {
      "identity" : "alamofire",
      "kind" : "remoteSourceControl",
      "location" : "https://github.com/Alamofire/Alamofire.git",
      "state" : {
        "revision" : "513364f870f6bfc468f9d2ff0a95caccc10044c5",
        "version" : "5.10.2"
      }
    },
    {
      "identity" : "elegantcalendar",
      "kind" : "remoteSourceControl",
      "location" : "https://github.com/ThasianX/ElegantCalendar",
      "state" : {
        "revision" : "d446234f27e60f5bef15f91c35d384f388ff2c7d",
        "version" : "4.3.2"
      }
    },
    {
      "identity" : "elegantpages",
      "kind" : "remoteSourceControl",
      "location" : "https://github.com/ThasianX/ElegantPages",
      "state" : {
        "revision" : "d598ce4824c40296decc84eae5b3c042d3dff842",
        "version" : "1.4.2"
      }
    },
    {
      "identity" : "realm-core",
      "kind" : "remoteSourceControl",
      "location" : "https://github.com/realm/realm-core.git",
      "state" : {
        "revision" : "15493076ad9fef22c16cc64cbfbf9e5b65c385f9",
        "version" : "20.1.0"
      }
    },
    {
      "identity" : "realm-swift",
      "kind" : "remoteSourceControl",
      "location" : "https://github.com/realm/realm-swift.git",
      "state" : {
        "revision" : "f8d74e90eafa2ac0e760bc674b49f40b593b1483",
        "version" : "20.0.2"
      }
    }
  ],
  "version" : 3
}
